// !$*UTF8*$!
{
	archiveVersion = 1;
	classes = {
	};
	objectVersion = 45;
	objects = {

/* Begin PBXBuildFile section */
		5834D27912240247005980C8 /* EasyReachability.h in Headers */ = {isa = PBXBuildFile; fileRef = 5834D27712240247005980C8 /* EasyReachability.h */; };
		5834D27A12240247005980C8 /* EasyReachability.m in Sources */ = {isa = PBXBuildFile; fileRef = 5834D27812240247005980C8 /* EasyReachability.m */; };
		AACBBE4A0F95108600F1A2B1 /* Foundation.framework in Frameworks */ = {isa = PBXBuildFile; fileRef = AACBBE490F95108600F1A2B1 /* Foundation.framework */; };
		BE8F107F1063CCAE001BF626 /* EasyCache.h in Headers */ = {isa = PBXBuildFile; fileRef = BE8F10791063CCAE001BF626 /* EasyCache.h */; };
		BE8F10801063CCAE001BF626 /* EasyCache.m in Sources */ = {isa = PBXBuildFile; fileRef = BE8F107A1063CCAE001BF626 /* EasyCache.m */; };
		BE8F10811063CCAE001BF626 /* EasyHTTPURLResponse.h in Headers */ = {isa = PBXBuildFile; fileRef = BE8F107B1063CCAE001BF626 /* EasyHTTPURLResponse.h */; };
		BE8F10821063CCAE001BF626 /* EasyHTTPURLResponse.m in Sources */ = {isa = PBXBuildFile; fileRef = BE8F107C1063CCAE001BF626 /* EasyHTTPURLResponse.m */; };
		BE8F10831063CCAE001BF626 /* EasyURLDownloader.h in Headers */ = {isa = PBXBuildFile; fileRef = BE8F107D1063CCAE001BF626 /* EasyURLDownloader.h */; };
		BE8F10841063CCAE001BF626 /* EasyURLDownloader.m in Sources */ = {isa = PBXBuildFile; fileRef = BE8F107E1063CCAE001BF626 /* EasyURLDownloader.m */; };
		BE8F10891063CCDD001BF626 /* DateFormatterUtil.h in Headers */ = {isa = PBXBuildFile; fileRef = BE8F10851063CCDD001BF626 /* DateFormatterUtil.h */; };
		BE8F108A1063CCDD001BF626 /* DateFormatterUtil.m in Sources */ = {isa = PBXBuildFile; fileRef = BE8F10861063CCDD001BF626 /* DateFormatterUtil.m */; };
		BE8F108B1063CCDD001BF626 /* NSStringMD5.h in Headers */ = {isa = PBXBuildFile; fileRef = BE8F10871063CCDD001BF626 /* NSStringMD5.h */; };
		BE8F108C1063CCDD001BF626 /* NSStringMD5.m in Sources */ = {isa = PBXBuildFile; fileRef = BE8F10881063CCDD001BF626 /* NSStringMD5.m */; };
		BEB9FD7B111B0FE5003CEA9F /* EasyURLDownloader_Prefix.pch in Headers */ = {isa = PBXBuildFile; fileRef = BEB9FD7A111B0FE5003CEA9F /* EasyURLDownloader_Prefix.pch */; };
/* End PBXBuildFile section */

/* Begin PBXFileReference section */
		5834D27712240247005980C8 /* EasyReachability.h */ = {isa = PBXFileReference; fileEncoding = 4; lastKnownFileType = sourcecode.c.h; path = EasyReachability.h; sourceTree = "<group>"; };
		5834D27812240247005980C8 /* EasyReachability.m */ = {isa = PBXFileReference; fileEncoding = 4; lastKnownFileType = sourcecode.c.objc; path = EasyReachability.m; sourceTree = "<group>"; };
		AACBBE490F95108600F1A2B1 /* Foundation.framework */ = {isa = PBXFileReference; lastKnownFileType = wrapper.framework; name = Foundation.framework; path = System/Library/Frameworks/Foundation.framework; sourceTree = SDKROOT; };
		BE8F10791063CCAE001BF626 /* EasyCache.h */ = {isa = PBXFileReference; fileEncoding = 4; lastKnownFileType = sourcecode.c.h; path = EasyCache.h; sourceTree = "<group>"; };
		BE8F107A1063CCAE001BF626 /* EasyCache.m */ = {isa = PBXFileReference; fileEncoding = 4; lastKnownFileType = sourcecode.c.objc; path = EasyCache.m; sourceTree = "<group>"; };
		BE8F107B1063CCAE001BF626 /* EasyHTTPURLResponse.h */ = {isa = PBXFileReference; fileEncoding = 4; lastKnownFileType = sourcecode.c.h; path = EasyHTTPURLResponse.h; sourceTree = "<group>"; };
		BE8F107C1063CCAE001BF626 /* EasyHTTPURLResponse.m */ = {isa = PBXFileReference; fileEncoding = 4; lastKnownFileType = sourcecode.c.objc; path = EasyHTTPURLResponse.m; sourceTree = "<group>"; };
		BE8F107D1063CCAE001BF626 /* EasyURLDownloader.h */ = {isa = PBXFileReference; fileEncoding = 4; lastKnownFileType = sourcecode.c.h; path = EasyURLDownloader.h; sourceTree = "<group>"; };
		BE8F107E1063CCAE001BF626 /* EasyURLDownloader.m */ = {isa = PBXFileReference; fileEncoding = 4; lastKnownFileType = sourcecode.c.objc; path = EasyURLDownloader.m; sourceTree = "<group>"; };
		BE8F10851063CCDD001BF626 /* DateFormatterUtil.h */ = {isa = PBXFileReference; fileEncoding = 4; lastKnownFileType = sourcecode.c.h; path = DateFormatterUtil.h; sourceTree = "<group>"; };
		BE8F10861063CCDD001BF626 /* DateFormatterUtil.m */ = {isa = PBXFileReference; fileEncoding = 4; lastKnownFileType = sourcecode.c.objc; path = DateFormatterUtil.m; sourceTree = "<group>"; };
		BE8F10871063CCDD001BF626 /* NSStringMD5.h */ = {isa = PBXFileReference; fileEncoding = 4; lastKnownFileType = sourcecode.c.h; path = NSStringMD5.h; sourceTree = "<group>"; };
		BE8F10881063CCDD001BF626 /* NSStringMD5.m */ = {isa = PBXFileReference; fileEncoding = 4; lastKnownFileType = sourcecode.c.objc; path = NSStringMD5.m; sourceTree = "<group>"; };
		BEB9FD7A111B0FE5003CEA9F /* EasyURLDownloader_Prefix.pch */ = {isa = PBXFileReference; fileEncoding = 4; lastKnownFileType = sourcecode.c.h; path = EasyURLDownloader_Prefix.pch; sourceTree = "<group>"; };
		D2AAC07E0554694100DB518D /* libEasyURLDownloader-iphonesimulator-Debug.a */ = {isa = PBXFileReference; explicitFileType = archive.ar; includeInIndex = 0; path = "libEasyURLDownloader-iphonesimulator-Debug.a"; sourceTree = BUILT_PRODUCTS_DIR; };
/* End PBXFileReference section */

/* Begin PBXFrameworksBuildPhase section */
		D2AAC07C0554694100DB518D /* Frameworks */ = {
			isa = PBXFrameworksBuildPhase;
			buildActionMask = 2147483647;
			files = (
				AACBBE4A0F95108600F1A2B1 /* Foundation.framework in Frameworks */,
			);
			runOnlyForDeploymentPostprocessing = 0;
		};
/* End PBXFrameworksBuildPhase section */

/* Begin PBXGroup section */
		034768DFFF38A50411DB9C8B /* Products */ = {
			isa = PBXGroup;
			children = (
				D2AAC07E0554694100DB518D /* libEasyURLDownloader-iphonesimulator-Debug.a */,
			);
			name = Products;
			sourceTree = "<group>";
		};
		0867D691FE84028FC02AAC07 /* StarURLDownloader */ = {
			isa = PBXGroup;
			children = (
				08FB77AEFE84172EC02AAC07 /* Classes */,
				32C88DFF0371C24200C91783 /* Other Sources */,
				0867D69AFE84028FC02AAC07 /* Frameworks */,
				034768DFFF38A50411DB9C8B /* Products */,
			);
			name = StarURLDownloader;
			sourceTree = "<group>";
		};
		0867D69AFE84028FC02AAC07 /* Frameworks */ = {
			isa = PBXGroup;
			children = (
				AACBBE490F95108600F1A2B1 /* Foundation.framework */,
			);
			name = Frameworks;
			sourceTree = "<group>";
		};
		08FB77AEFE84172EC02AAC07 /* Classes */ = {
			isa = PBXGroup;
			children = (
				5834D27712240247005980C8 /* EasyReachability.h */,
				5834D27812240247005980C8 /* EasyReachability.m */,
				BE8F10851063CCDD001BF626 /* DateFormatterUtil.h */,
				BE8F10861063CCDD001BF626 /* DateFormatterUtil.m */,
				BE8F10871063CCDD001BF626 /* NSStringMD5.h */,
				BE8F10881063CCDD001BF626 /* NSStringMD5.m */,
				BE8F10791063CCAE001BF626 /* EasyCache.h */,
				BE8F107A1063CCAE001BF626 /* EasyCache.m */,
				BE8F107B1063CCAE001BF626 /* EasyHTTPURLResponse.h */,
				BE8F107C1063CCAE001BF626 /* EasyHTTPURLResponse.m */,
				BE8F107D1063CCAE001BF626 /* EasyURLDownloader.h */,
				BE8F107E1063CCAE001BF626 /* EasyURLDownloader.m */,
			);
			name = Classes;
			sourceTree = "<group>";
		};
		32C88DFF0371C24200C91783 /* Other Sources */ = {
			isa = PBXGroup;
			children = (
				BEB9FD7A111B0FE5003CEA9F /* EasyURLDownloader_Prefix.pch */,
			);
			name = "Other Sources";
			sourceTree = "<group>";
		};
/* End PBXGroup section */

/* Begin PBXHeadersBuildPhase section */
		D2AAC07A0554694100DB518D /* Headers */ = {
			isa = PBXHeadersBuildPhase;
			buildActionMask = 2147483647;
			files = (
				BE8F107F1063CCAE001BF626 /* EasyCache.h in Headers */,
				BE8F10811063CCAE001BF626 /* EasyHTTPURLResponse.h in Headers */,
				BE8F10831063CCAE001BF626 /* EasyURLDownloader.h in Headers */,
				BE8F10891063CCDD001BF626 /* DateFormatterUtil.h in Headers */,
				BE8F108B1063CCDD001BF626 /* NSStringMD5.h in Headers */,
				BEB9FD7B111B0FE5003CEA9F /* EasyURLDownloader_Prefix.pch in Headers */,
				5834D27912240247005980C8 /* EasyReachability.h in Headers */,
			);
			runOnlyForDeploymentPostprocessing = 0;
		};
/* End PBXHeadersBuildPhase section */

/* Begin PBXNativeTarget section */
		D2AAC07D0554694100DB518D /* EasyURLDownloader */ = {
			isa = PBXNativeTarget;
			buildConfigurationList = 1DEB921E08733DC00010E9CD /* Build configuration list for PBXNativeTarget "EasyURLDownloader" */;
			buildPhases = (
				D2AAC07A0554694100DB518D /* Headers */,
				D2AAC07B0554694100DB518D /* Sources */,
				D2AAC07C0554694100DB518D /* Frameworks */,
			);
			buildRules = (
			);
			dependencies = (
			);
			name = EasyURLDownloader;
			productName = StarURLDownloader;
			productReference = D2AAC07E0554694100DB518D /* libEasyURLDownloader-iphonesimulator-Debug.a */;
			productType = "com.apple.product-type.library.static";
		};
/* End PBXNativeTarget section */

/* Begin PBXProject section */
		0867D690FE84028FC02AAC07 /* Project object */ = {
			isa = PBXProject;
			buildConfigurationList = 1DEB922208733DC00010E9CD /* Build configuration list for PBXProject "EasyURLDownloader" */;
			compatibilityVersion = "Xcode 3.1";
			hasScannedForEncodings = 1;
			mainGroup = 0867D691FE84028FC02AAC07 /* StarURLDownloader */;
			productRefGroup = 034768DFFF38A50411DB9C8B /* Products */;
			projectDirPath = "";
			projectRoot = "";
			targets = (
				D2AAC07D0554694100DB518D /* EasyURLDownloader */,
			);
		};
/* End PBXProject section */

/* Begin PBXSourcesBuildPhase section */
		D2AAC07B0554694100DB518D /* Sources */ = {
			isa = PBXSourcesBuildPhase;
			buildActionMask = 2147483647;
			files = (
				BE8F10801063CCAE001BF626 /* EasyCache.m in Sources */,
				BE8F10821063CCAE001BF626 /* EasyHTTPURLResponse.m in Sources */,
				BE8F10841063CCAE001BF626 /* EasyURLDownloader.m in Sources */,
				BE8F108A1063CCDD001BF626 /* DateFormatterUtil.m in Sources */,
				BE8F108C1063CCDD001BF626 /* NSStringMD5.m in Sources */,
				5834D27A12240247005980C8 /* EasyReachability.m in Sources */,
			);
			runOnlyForDeploymentPostprocessing = 0;
		};
/* End PBXSourcesBuildPhase section */

/* Begin XCBuildConfiguration section */
		1DEB921F08733DC00010E9CD /* Debug */ = {
			isa = XCBuildConfiguration;
			buildSettings = {
				ALWAYS_SEARCH_USER_PATHS = NO;
				ARCHS = "$(ARCHS_STANDARD_32_BIT)";
				COPY_PHASE_STRIP = NO;
				DSTROOT = /tmp/EasyURLDownloader.dst;
				GCC_DYNAMIC_NO_PIC = NO;
				GCC_ENABLE_FIX_AND_CONTINUE = YES;
				GCC_MODEL_TUNING = G5;
				GCC_OPTIMIZATION_LEVEL = 0;
				GCC_PRECOMPILE_PREFIX_HEADER = YES;
				GCC_PREFIX_HEADER = EasyURLDownloader_Prefix.pch;
				INSTALL_PATH = /usr/local/lib;
				PRODUCT_NAME = "EasyURLDownloader$(EFFECTIVE_PLATFORM_NAME)-$(CONFIGURATION)";
			};
			name = Debug;
		};
		1DEB922008733DC00010E9CD /* Release */ = {
			isa = XCBuildConfiguration;
			buildSettings = {
				ALWAYS_SEARCH_USER_PATHS = NO;
				ARCHS = "$(ARCHS_STANDARD_32_BIT)";
				DSTROOT = /tmp/EasyURLDownloader.dst;
				GCC_MODEL_TUNING = G5;
				GCC_PRECOMPILE_PREFIX_HEADER = YES;
				GCC_PREFIX_HEADER = EasyURLDownloader_Prefix.pch;
				INSTALL_PATH = /usr/local/lib;
				PRODUCT_NAME = "EasyURLDownloader$(EFFECTIVE_PLATFORM_NAME)-$(CONFIGURATION)";
			};
			name = Release;
		};
		1DEB922308733DC00010E9CD /* Debug */ = {
			isa = XCBuildConfiguration;
			buildSettings = {
				ARCHS = "$(ARCHS_STANDARD_32_BIT)";
				GCC_C_LANGUAGE_STANDARD = c99;
				GCC_OPTIMIZATION_LEVEL = 0;
				GCC_WARN_ABOUT_RETURN_TYPE = YES;
				GCC_WARN_UNUSED_VARIABLE = YES;
				IPHONEOS_DEPLOYMENT_TARGET = 3.0;
				OTHER_LDFLAGS = "-ObjC";
				PREBINDING = NO;
				SDKROOT = iphoneos4.0;
			};
			name = Debug;
		};
		1DEB922408733DC00010E9CD /* Release */ = {
			isa = XCBuildConfiguration;
			buildSettings = {
				ARCHS = "$(ARCHS_STANDARD_32_BIT)";
				GCC_C_LANGUAGE_STANDARD = c99;
				GCC_WARN_ABOUT_RETURN_TYPE = YES;
				GCC_WARN_UNUSED_VARIABLE = YES;
				IPHONEOS_DEPLOYMENT_TARGET = 3.0;
				OTHER_LDFLAGS = "-ObjC";
				PREBINDING = NO;
				SDKROOT = iphoneos4.0;
			};
			name = Release;
		};
/* End XCBuildConfiguration section */

/* Begin XCConfigurationList section */
		1DEB921E08733DC00010E9CD /* Build configuration list for PBXNativeTarget "EasyURLDownloader" */ = {
			isa = XCConfigurationList;
			buildConfigurations = (
				1DEB921F08733DC00010E9CD /* Debug */,
				1DEB922008733DC00010E9CD /* Release */,
			);
			defaultConfigurationIsVisible = 0;
			defaultConfigurationName = Release;
		};
		1DEB922208733DC00010E9CD /* Build configuration list for PBXProject "EasyURLDownloader" */ = {
			isa = XCConfigurationList;
			buildConfigurations = (
				1DEB922308733DC00010E9CD /* Debug */,
				1DEB922408733DC00010E9CD /* Release */,
			);
			defaultConfigurationIsVisible = 0;
			defaultConfigurationName = Release;
		};
/* End XCConfigurationList section */
	};
	rootObject = 0867D690FE84028FC02AAC07 /* Project object */;
}
